PODS:
  - BOCeRouter (0.0.1)

DEPENDENCIES:
  - BOCeRouter (from `https://github.com/guang1472006/BOCeRouter.git`)

EXTERNAL SOURCES:
  BOCeRouter:
    :git: https://github.com/guang1472006/BOCeRouter.git

CHECKOUT OPTIONS:
  BOCeRouter:
    :commit: d38ff0f6c830457589671d018761e7a8e2f683d7
    :git: https://github.com/guang1472006/BOCeRouter.git

SPEC CHECKSUMS:
  BOCeRouter: d30f9aab8eae6a74f7ef52bd931f5e8ac5b49ac0

PODFILE CHECKSUM: d7e1284d2c95be37fd4a57e4a68b85183af8ff7a

COCOAPODS: 1.10.1
